
Microsoft Visual Studio Solution File, Format Version 12.00
# Visual Studio Version 16
VisualStudioVersion = 16.0.30611.23
MinimumVisualStudioVersion = 10.0.40219.1
Project("{9A19103F-16F7-4668-BE54-9A1E7A4F7556}") = "FVAT", "FVAT\FVAT.csproj", "{6ADF62F0-E555-4502-8608-2B210723B5A4}"
EndProject
Project("{FAE04EC0-301F-11D3-BF4B-00C04F79EFBC}") = "FVATTest", "FVATTest\FVATTest.csproj", "{B5672F6B-E9BF-48B5-9566-257A7D69AC59}"
EndProject
Global
	GlobalSection(SolutionConfigurationPlatforms) = preSolution
		Debug|Any CPU = Debug|Any CPU
		Release|Any CPU = Release|Any CPU
	EndGlobalSection
	GlobalSection(ProjectConfigurationPlatforms) = postSolution
		{6ADF62F0-E555-4502-8608-2B210723B5A4}.Debug|Any CPU.ActiveCfg = Debug|Any CPU
		{6ADF62F0-E555-4502-8608-2B210723B5A4}.Debug|Any CPU.Build.0 = Debug|Any CPU
		{6ADF62F0-E555-4502-8608-2B210723B5A4}.Release|Any CPU.ActiveCfg = Release|Any CPU
		{6ADF62F0-E555-4502-8608-2B210723B5A4}.Release|Any CPU.Build.0 = Release|Any CPU
		{B5672F6B-E9BF-48B5-9566-257A7D69AC59}.Debug|Any CPU.ActiveCfg = Debug|Any CPU
		{B5672F6B-E9BF-48B5-9566-257A7D69AC59}.Debug|Any CPU.Build.0 = Debug|Any CPU
		{B5672F6B-E9BF-48B5-9566-257A7D69AC59}.Release|Any CPU.ActiveCfg = Release|Any CPU
		{B5672F6B-E9BF-48B5-9566-257A7D69AC59}.Release|Any CPU.Build.0 = Release|Any CPU
	EndGlobalSection
	GlobalSection(SolutionProperties) = preSolution
		HideSolutionNode = FALSE
	EndGlobalSection
	GlobalSection(ExtensibilityGlobals) = postSolution
		SolutionGuid = {F9332130-87D1-4262-9FCA-8915AA666F31}
	EndGlobalSection
EndGlobal
