
Microsoft Visual Studio Solution File, Format Version 12.00
# Visual Studio Version 16
VisualStudioVersion = 16.0.30611.23
MinimumVisualStudioVersion = 10.0.40219.1
Project("{FAE04EC0-301F-11D3-BF4B-00C04F79EFBC}") = "RejestrPracownikow", "RejestrPracownikow\RejestrPracownikow.csproj", "{07DBFF95-3112-4847-9941-ECDC069655E2}"
EndProject
Project("{FAE04EC0-301F-11D3-BF4B-00C04F79EFBC}") = "RejestrPracownikowTEST", "RejestrPracownikowTEST\RejestrPracownikowTEST.csproj", "{12B6C49C-AE9F-4748-B9AF-DE782258012B}"
EndProject
Global
	GlobalSection(SolutionConfigurationPlatforms) = preSolution
		Debug|Any CPU = Debug|Any CPU
		Release|Any CPU = Release|Any CPU
	EndGlobalSection
	GlobalSection(ProjectConfigurationPlatforms) = postSolution
		{07DBFF95-3112-4847-9941-ECDC069655E2}.Debug|Any CPU.ActiveCfg = Debug|Any CPU
		{07DBFF95-3112-4847-9941-ECDC069655E2}.Debug|Any CPU.Build.0 = Debug|Any CPU
		{07DBFF95-3112-4847-9941-ECDC069655E2}.Release|Any CPU.ActiveCfg = Release|Any CPU
		{07DBFF95-3112-4847-9941-ECDC069655E2}.Release|Any CPU.Build.0 = Release|Any CPU
		{12B6C49C-AE9F-4748-B9AF-DE782258012B}.Debug|Any CPU.ActiveCfg = Debug|Any CPU
		{12B6C49C-AE9F-4748-B9AF-DE782258012B}.Debug|Any CPU.Build.0 = Debug|Any CPU
		{12B6C49C-AE9F-4748-B9AF-DE782258012B}.Release|Any CPU.ActiveCfg = Release|Any CPU
		{12B6C49C-AE9F-4748-B9AF-DE782258012B}.Release|Any CPU.Build.0 = Release|Any CPU
	EndGlobalSection
	GlobalSection(SolutionProperties) = preSolution
		HideSolutionNode = FALSE
	EndGlobalSection
	GlobalSection(ExtensibilityGlobals) = postSolution
		SolutionGuid = {9588EFF7-CD81-44FA-9896-9D41F17FD6C1}
	EndGlobalSection
EndGlobal
